
Microsoft Visual Studio Solution File, Format Version 12.00
# Visual Studio Version 17
VisualStudioVersion = 17.7.34202.233
MinimumVisualStudioVersion = 10.0.40219.1
Project("{FAE04EC0-301F-11D3-BF4B-00C04F79EFBC}") = "LOrd Card Shop", "LOrd Card Shop\LOrd Card Shop.csproj", "{ECDC56F5-3019-4158-8BF4-B1ED650ABBCA}"
EndProject
Global
	GlobalSection(SolutionConfigurationPlatforms) = preSolution
		Debug|Any CPU = Debug|Any CPU
		Release|Any CPU = Release|Any CPU
	EndGlobalSection
	GlobalSection(ProjectConfigurationPlatforms) = postSolution
		{ECDC56F5-3019-4158-8BF4-B1ED650ABBCA}.Debug|Any CPU.ActiveCfg = Debug|Any CPU
		{ECDC56F5-3019-4158-8BF4-B1ED650ABBCA}.Debug|Any CPU.Build.0 = Debug|Any CPU
		{ECDC56F5-3019-4158-8BF4-B1ED650ABBCA}.Release|Any CPU.ActiveCfg = Release|Any CPU
		{ECDC56F5-3019-4158-8BF4-B1ED650ABBCA}.Release|Any CPU.Build.0 = Release|Any CPU
	EndGlobalSection
	GlobalSection(SolutionProperties) = preSolution
		HideSolutionNode = FALSE
	EndGlobalSection
	GlobalSection(ExtensibilityGlobals) = postSolution
		SolutionGuid = {05ACBDAD-2B79-4833-9597-53052C17411C}
	EndGlobalSection
EndGlobal
